
Microsoft Visual Studio Solution File, Format Version 12.00
# Visual Studio Version 17
VisualStudioVersion = 17.9.34701.34
MinimumVisualStudioVersion = 10.0.40219.1
Project("{9A19103F-16F7-4668-BE54-9A1E7A4F7556}") = "ConsoleApp", "UTProgrammingTest\ConsoleApp.csproj", "{0B5ADACD-082A-4B2D-A083-D1D3D4131CFE}"
EndProject
Project("{9A19103F-16F7-4668-BE54-9A1E7A4F7556}") = "Domain", "Domain\Domain.csproj", "{A0FA8271-EE56-4FF6-8B52-4964EAF295CB}"
EndProject
Global
	GlobalSection(SolutionConfigurationPlatforms) = preSolution
		Debug|Any CPU = Debug|Any CPU
		Release|Any CPU = Release|Any CPU
	EndGlobalSection
	GlobalSection(ProjectConfigurationPlatforms) = postSolution
		{0B5ADACD-082A-4B2D-A083-D1D3D4131CFE}.Debug|Any CPU.ActiveCfg = Debug|Any CPU
		{0B5ADACD-082A-4B2D-A083-D1D3D4131CFE}.Debug|Any CPU.Build.0 = Debug|Any CPU
		{0B5ADACD-082A-4B2D-A083-D1D3D4131CFE}.Release|Any CPU.ActiveCfg = Release|Any CPU
		{0B5ADACD-082A-4B2D-A083-D1D3D4131CFE}.Release|Any CPU.Build.0 = Release|Any CPU
		{A0FA8271-EE56-4FF6-8B52-4964EAF295CB}.Debug|Any CPU.ActiveCfg = Debug|Any CPU
		{A0FA8271-EE56-4FF6-8B52-4964EAF295CB}.Debug|Any CPU.Build.0 = Debug|Any CPU
		{A0FA8271-EE56-4FF6-8B52-4964EAF295CB}.Release|Any CPU.ActiveCfg = Release|Any CPU
		{A0FA8271-EE56-4FF6-8B52-4964EAF295CB}.Release|Any CPU.Build.0 = Release|Any CPU
	EndGlobalSection
	GlobalSection(SolutionProperties) = preSolution
		HideSolutionNode = FALSE
	EndGlobalSection
	GlobalSection(ExtensibilityGlobals) = postSolution
		SolutionGuid = {E752CC4F-1FAC-4C56-A073-EC8A795B770B}
	EndGlobalSection
EndGlobal
